
Microsoft Visual Studio Solution File, Format Version 12.00
# Visual Studio Version 17
VisualStudioVersion = 17.11.35219.272
MinimumVisualStudioVersion = 10.0.40219.1
Project("{FAE04EC0-301F-11D3-BF4B-00C04F79EFBC}") = "Archivo", "Archivo\Archivo.csproj", "{2DC8C130-CD88-44A1-ABD4-0C281CBD7451}"
EndProject
Global
	GlobalSection(SolutionConfigurationPlatforms) = preSolution
		Debug|Any CPU = Debug|Any CPU
		Release|Any CPU = Release|Any CPU
	EndGlobalSection
	GlobalSection(ProjectConfigurationPlatforms) = postSolution
		{2DC8C130-CD88-44A1-ABD4-0C281CBD7451}.Debug|Any CPU.ActiveCfg = Debug|Any CPU
		{2DC8C130-CD88-44A1-ABD4-0C281CBD7451}.Debug|Any CPU.Build.0 = Debug|Any CPU
		{2DC8C130-CD88-44A1-ABD4-0C281CBD7451}.Release|Any CPU.ActiveCfg = Release|Any CPU
		{2DC8C130-CD88-44A1-ABD4-0C281CBD7451}.Release|Any CPU.Build.0 = Release|Any CPU
	EndGlobalSection
	GlobalSection(SolutionProperties) = preSolution
		HideSolutionNode = FALSE
	EndGlobalSection
	GlobalSection(ExtensibilityGlobals) = postSolution
		SolutionGuid = {231997C1-BB32-44FE-8387-8CD8658567E8}
	EndGlobalSection
EndGlobal
